
Microsoft Visual Studio Solution File, Format Version 12.00
# Visual Studio Version 17
VisualStudioVersion = 17.7.34009.444
MinimumVisualStudioVersion = 10.0.40219.1
Project("{FAE04EC0-301F-11D3-BF4B-00C04F79EFBC}") = "EasierUI", "EasierUI\EasierUI.csproj", "{A0208842-3DA2-4CF4-A5AB-D09CCC9F1578}"
EndProject
Global
	GlobalSection(SolutionConfigurationPlatforms) = preSolution
		Debug|Any CPU = Debug|Any CPU
		Release|Any CPU = Release|Any CPU
	EndGlobalSection
	GlobalSection(ProjectConfigurationPlatforms) = postSolution
		{A0208842-3DA2-4CF4-A5AB-D09CCC9F1578}.Debug|Any CPU.ActiveCfg = Debug|Any CPU
		{A0208842-3DA2-4CF4-A5AB-D09CCC9F1578}.Debug|Any CPU.Build.0 = Debug|Any CPU
		{A0208842-3DA2-4CF4-A5AB-D09CCC9F1578}.Release|Any CPU.ActiveCfg = Release|Any CPU
		{A0208842-3DA2-4CF4-A5AB-D09CCC9F1578}.Release|Any CPU.Build.0 = Release|Any CPU
	EndGlobalSection
	GlobalSection(SolutionProperties) = preSolution
		HideSolutionNode = FALSE
	EndGlobalSection
	GlobalSection(ExtensibilityGlobals) = postSolution
		SolutionGuid = {DC3B3672-6A37-43A5-9BE8-E289BE574181}
	EndGlobalSection
EndGlobal
